
Microsoft Visual Studio Solution File, Format Version 12.00
# Visual Studio 15
VisualStudioVersion = 15.0.27130.2024
MinimumVisualStudioVersion = 10.0.40219.1
Project("{FAE04EC0-301F-11D3-BF4B-00C04F79EFBC}") = "DynamicValidation", "DynamicValidation.csproj", "{94AAD115-B290-44A6-9F71-D89C7275117C}"
EndProject
Global
	GlobalSection(SolutionConfigurationPlatforms) = preSolution
		Debug|Any CPU = Debug|Any CPU
		Release|Any CPU = Release|Any CPU
	EndGlobalSection
	GlobalSection(ProjectConfigurationPlatforms) = postSolution
		{94AAD115-B290-44A6-9F71-D89C7275117C}.Debug|Any CPU.ActiveCfg = Debug|Any CPU
		{94AAD115-B290-44A6-9F71-D89C7275117C}.Debug|Any CPU.Build.0 = Debug|Any CPU
		{94AAD115-B290-44A6-9F71-D89C7275117C}.Release|Any CPU.ActiveCfg = Release|Any CPU
		{94AAD115-B290-44A6-9F71-D89C7275117C}.Release|Any CPU.Build.0 = Release|Any CPU
	EndGlobalSection
	GlobalSection(SolutionProperties) = preSolution
		HideSolutionNode = FALSE
	EndGlobalSection
	GlobalSection(ExtensibilityGlobals) = postSolution
		SolutionGuid = {1F06473C-9493-4082-80E9-0B0C640D0240}
	EndGlobalSection
EndGlobal
